<?xml version="1.0" encoding="utf-8"?>
<Project ToolsVersion="4.0" xmlns="http://schemas.microsoft.com/developer/msbuild/2003">
  <ItemGroup>
    <Filter Include="ImGUI">
      <UniqueIdentifier>{c2daad27-7093-4635-89b4-d4a840f3fd2d}</UniqueIdentifier>
    </Filter>
    <Filter Include="EditorWindows">
      <UniqueIdentifier>{316bf0e2-acec-4479-a9d0-810d93bad89f}</UniqueIdentifier>
    </Filter>
    <Filter Include="CoreEditor">
      <UniqueIdentifier>{84125641-667e-49bf-a170-41c342e7d2a4}</UniqueIdentifier>
    </Filter>
    <Filter Include="Editor">
      <UniqueIdentifier>{7956b8a9-68c6-4d3e-8ef6-36eb9d757088}</UniqueIdentifier>
    </Filter>
    <Filter Include="OLD">
      <UniqueIdentifier>{22e9d4cd-6e36-4c47-a181-00312f584d5d}</UniqueIdentifier>
    </Filter>
    <Filter Include="PropertyDrawing">
      <UniqueIdentifier>{f8c98c50-aae2-4c1a-9524-dfa67c534ae2}</UniqueIdentifier>
    </Filter>
  </ItemGroup>
  <ItemGroup>
    <ClInclude Include="imconfig.h">
      <Filter>ImGUI</Filter>
    </ClInclude>
    <ClInclude Include="BehaviorTreeEditor.h">
      <Filter>EditorWindows</Filter>
    </ClInclude>
    <ClInclude Include="EditorWindow.h">
      <Filter>EditorWindows</Filter>
    </ClInclude>
    <ClInclude Include="stdafx.h">
      <Filter>CoreEditor</Filter>
    </ClInclude>
    <ClInclude Include="targetver.h">
      <Filter>CoreEditor</Filter>
    </ClInclude>
    <ClInclude Include="EditorApp.h">
      <Filter>CoreEditor</Filter>
    </ClInclude>
    <ClInclude Include="SceneWindow.h">
      <Filter>EditorWindows</Filter>
    </ClInclude>
    <ClInclude Include="ComponentParameters.h">
      <Filter>OLD</Filter>
    </ClInclude>
    <ClInclude Include="EditorObject.h">
      <Filter>OLD</Filter>
    </ClInclude>
    <ClInclude Include="LevelEditor.h">
      <Filter>OLD</Filter>
    </ClInclude>
    <ClInclude Include="SkeletonEditorComponent.h">
      <Filter>OLD</Filter>
    </ClInclude>
    <ClInclude Include="SkeletonObject.h">
      <Filter>OLD</Filter>
    </ClInclude>
    <ClInclude Include="SceneViewCamera.h">
      <Filter>EditorWindows</Filter>
    </ClInclude>
    <ClInclude Include="OLDAPP.h">
      <Filter>OLD</Filter>
    </ClInclude>
    <ClInclude Include="imgui.h">
      <Filter>ImGUI</Filter>
    </ClInclude>
    <ClInclude Include="imgui_internal.h">
      <Filter>ImGUI</Filter>
    </ClInclude>
    <ClInclude Include="imstb_rectpack.h">
      <Filter>ImGUI</Filter>
    </ClInclude>
    <ClInclude Include="imstb_textedit.h">
      <Filter>ImGUI</Filter>
    </ClInclude>
    <ClInclude Include="imstb_truetype.h">
      <Filter>ImGUI</Filter>
    </ClInclude>
    <ClInclude Include="imgui_impl_opengl3.h">
      <Filter>ImGUI</Filter>
    </ClInclude>
    <ClInclude Include="imgui_impl_sdl.h">
      <Filter>ImGUI</Filter>
    </ClInclude>
    <ClInclude Include="MenuBar.h">
      <Filter>CoreEditor</Filter>
    </ClInclude>
    <ClInclude Include="PopupManager.h">
      <Filter>CoreEditor</Filter>
    </ClInclude>
    <ClInclude Include="GameWindow.h">
      <Filter>EditorWindows</Filter>
    </ClInclude>
    <ClInclude Include="EditorPreferencesWindow.h">
      <Filter>EditorWindows</Filter>
    </ClInclude>
    <ClInclude Include="SceneGraphWindow.h">
      <Filter>EditorWindows</Filter>
    </ClInclude>
    <ClInclude Include="Selection.h">
      <Filter>CoreEditor</Filter>
    </ClInclude>
    <ClInclude Include="InspectorWindow.h">
      <Filter>EditorWindows</Filter>
    </ClInclude>
    <ClInclude Include="Editor.h">
      <Filter>Editor</Filter>
    </ClInclude>
    <ClInclude Include="GameObjectEditor.h">
      <Filter>Editor</Filter>
    </ClInclude>
    <ClInclude Include="ComponentEditor.h">
      <Filter>Editor</Filter>
    </ClInclude>
    <ClInclude Include="PropertyDrawer.h">
      <Filter>PropertyDrawing</Filter>
    </ClInclude>
    <ClInclude Include="StandardPropertyDrawers.h">
      <Filter>PropertyDrawing</Filter>
    </ClInclude>
  </ItemGroup>
  <ItemGroup>
    <ClCompile Include="EditorWindow.cpp">
      <Filter>EditorWindows</Filter>
    </ClCompile>
    <ClCompile Include="BehaviorTreeEditor.cpp">
      <Filter>EditorWindows</Filter>
    </ClCompile>
    <ClCompile Include="stdafx.cpp">
      <Filter>CoreEditor</Filter>
    </ClCompile>
    <ClCompile Include="EditorApp.cpp">
      <Filter>CoreEditor</Filter>
    </ClCompile>
    <ClCompile Include="SceneWindow.cpp">
      <Filter>EditorWindows</Filter>
    </ClCompile>
    <ClCompile Include="ComponentParameters.cpp">
      <Filter>OLD</Filter>
    </ClCompile>
    <ClCompile Include="EditorObject.cpp">
      <Filter>OLD</Filter>
    </ClCompile>
    <ClCompile Include="LevelEditor.cpp">
      <Filter>OLD</Filter>
    </ClCompile>
    <ClCompile Include="main.cpp">
      <Filter>OLD</Filter>
    </ClCompile>
    <ClCompile Include="SkeletonEditorComponent.cpp">
      <Filter>OLD</Filter>
    </ClCompile>
    <ClCompile Include="SkeletonObject.cpp">
      <Filter>OLD</Filter>
    </ClCompile>
    <ClCompile Include="SceneViewCamera.cpp">
      <Filter>EditorWindows</Filter>
    </ClCompile>
    <ClCompile Include="OLDAPP.cpp">
      <Filter>OLD</Filter>
    </ClCompile>
    <ClCompile Include="imgui.cpp">
      <Filter>ImGUI</Filter>
    </ClCompile>
    <ClCompile Include="imgui_demo.cpp">
      <Filter>ImGUI</Filter>
    </ClCompile>
    <ClCompile Include="imgui_draw.cpp">
      <Filter>ImGUI</Filter>
    </ClCompile>
    <ClCompile Include="imgui_widgets.cpp">
      <Filter>ImGUI</Filter>
    </ClCompile>
    <ClCompile Include="imgui_impl_opengl3.cpp">
      <Filter>ImGUI</Filter>
    </ClCompile>
    <ClCompile Include="imgui_impl_sdl.cpp">
      <Filter>ImGUI</Filter>
    </ClCompile>
    <ClCompile Include="MenuBar.cpp">
      <Filter>CoreEditor</Filter>
    </ClCompile>
    <ClCompile Include="PopupManager.cpp">
      <Filter>CoreEditor</Filter>
    </ClCompile>
    <ClCompile Include="GameWindow.cpp">
      <Filter>EditorWindows</Filter>
    </ClCompile>
    <ClCompile Include="EditorPreferencesWindow.cpp">
      <Filter>EditorWindows</Filter>
    </ClCompile>
    <ClCompile Include="SceneGraphWindow.cpp">
      <Filter>EditorWindows</Filter>
    </ClCompile>
    <ClCompile Include="Selection.cpp">
      <Filter>CoreEditor</Filter>
    </ClCompile>
    <ClCompile Include="InspectorWindow.cpp">
      <Filter>EditorWindows</Filter>
    </ClCompile>
    <ClCompile Include="Editor.cpp">
      <Filter>Editor</Filter>
    </ClCompile>
    <ClCompile Include="GameObjectEditor.cpp">
      <Filter>Editor</Filter>
    </ClCompile>
    <ClCompile Include="ComponentEditor.cpp">
      <Filter>Editor</Filter>
    </ClCompile>
    <ClCompile Include="PropertyDrawer.cpp">
      <Filter>PropertyDrawing</Filter>
    </ClCompile>
    <ClCompile Include="StandardPropertyDrawers.cpp">
      <Filter>PropertyDrawing</Filter>
    </ClCompile>
  </ItemGroup>
  <ItemGroup>
    <None Include="imgui.ini">
      <Filter>ImGUI</Filter>
    </None>
  </ItemGroup>
</Project>