<?xml version="1.0" encoding="utf-8"?>
<Project ToolsVersion="4.0" xmlns="http://schemas.microsoft.com/developer/msbuild/2003">
  <ItemGroup>
    <Filter Include="Core">
      <UniqueIdentifier>{26a357d1-e7ca-4083-9442-02cb0f232ef5}</UniqueIdentifier>
    </Filter>
    <Filter Include="Core Components">
      <UniqueIdentifier>{e9424d24-52b6-42a1-8dea-fd4c5575cd95}</UniqueIdentifier>
    </Filter>
    <Filter Include="Content Management">
      <UniqueIdentifier>{1c786205-6880-4497-b2fe-03e959852111}</UniqueIdentifier>
    </Filter>
    <Filter Include="Helpers">
      <UniqueIdentifier>{bae40aca-7162-4b04-a462-8fdb319ac740}</UniqueIdentifier>
    </Filter>
    <Filter Include="SceneGraph">
      <UniqueIdentifier>{a7c4cc4c-e957-41a1-83a1-29f802710dfd}</UniqueIdentifier>
    </Filter>
    <Filter Include="EnginePrefabs">
      <UniqueIdentifier>{657b59b2-dbfc-4a0c-8373-ebc935fb7607}</UniqueIdentifier>
    </Filter>
    <Filter Include="Animation">
      <UniqueIdentifier>{5780ec53-88b2-4513-b0e3-d937952b3595}</UniqueIdentifier>
    </Filter>
    <Filter Include="AI">
      <UniqueIdentifier>{6ac6dc29-7718-4b00-83b9-12233eb44abd}</UniqueIdentifier>
    </Filter>
    <Filter Include="AI\PathFinding">
      <UniqueIdentifier>{6793b0af-0605-4634-976a-8326dddfe742}</UniqueIdentifier>
    </Filter>
    <Filter Include="UI">
      <UniqueIdentifier>{c7d817b6-7e60-4450-8729-1304a6e7e148}</UniqueIdentifier>
    </Filter>
    <Filter Include="Core\Rendering">
      <UniqueIdentifier>{7463af22-446d-41df-999f-fe972a51f6a7}</UniqueIdentifier>
    </Filter>
    <Filter Include="UI\Constraints">
      <UniqueIdentifier>{878c197f-b277-441f-8791-a6409a595736}</UniqueIdentifier>
    </Filter>
    <Filter Include="Sound">
      <UniqueIdentifier>{a4f90dfc-2077-4177-9ae8-3c49d142af5b}</UniqueIdentifier>
    </Filter>
    <Filter Include="Debug">
      <UniqueIdentifier>{c63da366-6fde-4606-80f7-d1699c06fc6e}</UniqueIdentifier>
    </Filter>
    <Filter Include="Post Processing">
      <UniqueIdentifier>{e2351692-c9d4-4fbb-9790-cae249328d8d}</UniqueIdentifier>
    </Filter>
  </ItemGroup>
  <ItemGroup>
    <ClInclude Include="stdafx.h" />
    <ClInclude Include="targetver.h" />
    <ClInclude Include="ApplicationStructs.h">
      <Filter>Core</Filter>
    </ClInclude>
    <ClInclude Include="AudioFileLoader.h">
      <Filter>Content Management</Filter>
    </ClInclude>
    <ClInclude Include="AudioSourceComponent.h">
      <Filter>Core Components</Filter>
    </ClInclude>
    <ClInclude Include="BaseComponent.h">
      <Filter>Core Components</Filter>
    </ClInclude>
    <ClInclude Include="BaseGame.h">
      <Filter>Core</Filter>
    </ClInclude>
    <ClInclude Include="BasicCamera.h">
      <Filter>EnginePrefabs</Filter>
    </ClInclude>
    <ClInclude Include="BinaryContainer.h">
      <Filter>Helpers</Filter>
    </ClInclude>
    <ClInclude Include="CameraComponent.h">
      <Filter>Core Components</Filter>
    </ClInclude>
    <ClInclude Include="ColliderComponent.h">
      <Filter>Core Components</Filter>
    </ClInclude>
    <ClInclude Include="Components.h">
      <Filter>Core Components</Filter>
    </ClInclude>
    <ClInclude Include="ContentLoader.h">
      <Filter>Content Management</Filter>
    </ClInclude>
    <ClInclude Include="ContentManager.h">
      <Filter>Content Management</Filter>
    </ClInclude>
    <ClInclude Include="Encryption.h">
      <Filter>Helpers</Filter>
    </ClInclude>
    <ClInclude Include="Colliders.h">
      <Filter>Helpers</Filter>
    </ClInclude>
    <ClInclude Include="FontLoader.h">
      <Filter>Content Management</Filter>
    </ClInclude>
    <ClInclude Include="Framework.h">
      <Filter>Core</Filter>
    </ClInclude>
    <ClInclude Include="GameObject.h">
      <Filter>SceneGraph</Filter>
    </ClInclude>
    <ClInclude Include="GameScene.h">
      <Filter>SceneGraph</Filter>
    </ClInclude>
    <ClInclude Include="ImageRenderComponent.h">
      <Filter>Core Components</Filter>
    </ClInclude>
    <ClInclude Include="InputManager.h">
      <Filter>Core</Filter>
    </ClInclude>
    <ClInclude Include="MathHelpers.h">
      <Filter>Helpers</Filter>
    </ClInclude>
    <ClInclude Include="ParticleComponent.h">
      <Filter>Core Components</Filter>
    </ClInclude>
    <ClInclude Include="ParticleSystem.h">
      <Filter>Core</Filter>
    </ClInclude>
    <ClInclude Include="RigidBodyComponent.h">
      <Filter>Core Components</Filter>
    </ClInclude>
    <ClInclude Include="SceneManager.h">
      <Filter>SceneGraph</Filter>
    </ClInclude>
    <ClInclude Include="SpriteSheetComponent.h">
      <Filter>Core Components</Filter>
    </ClInclude>
    <ClInclude Include="SpriteSheetLoader.h">
      <Filter>Content Management</Filter>
    </ClInclude>
    <ClInclude Include="TextRenderComponent.h">
      <Filter>Core Components</Filter>
    </ClInclude>
    <ClInclude Include="TextureLoader.h">
      <Filter>Content Management</Filter>
    </ClInclude>
    <ClInclude Include="TransformComponent.h">
      <Filter>Core Components</Filter>
    </ClInclude>
    <ClInclude Include="GameTime.h">
      <Filter>Core</Filter>
    </ClInclude>
    <ClInclude Include="Bone.h">
      <Filter>Animation</Filter>
    </ClInclude>
    <ClInclude Include="Skeleton.h">
      <Filter>Animation</Filter>
    </ClInclude>
    <ClInclude Include="SkinnedMeshComponent.h">
      <Filter>Core Components</Filter>
    </ClInclude>
    <ClInclude Include="SkinnedQuad.h">
      <Filter>Animation</Filter>
    </ClInclude>
    <ClInclude Include="AIComponent.h">
      <Filter>Core Components</Filter>
    </ClInclude>
    <ClInclude Include="BaseAIBehaviour.h">
      <Filter>AI</Filter>
    </ClInclude>
    <ClInclude Include="BehaviourTreeNodes.h">
      <Filter>AI</Filter>
    </ClInclude>
    <ClInclude Include="AIBehaviourTree.h">
      <Filter>AI</Filter>
    </ClInclude>
    <ClInclude Include="AI.h">
      <Filter>AI</Filter>
    </ClInclude>
    <ClInclude Include="Tasks.h">
      <Filter>AI</Filter>
    </ClInclude>
    <ClInclude Include="GUID.h">
      <Filter>Helpers</Filter>
    </ClInclude>
    <ClInclude Include="Singleton.h">
      <Filter>Helpers</Filter>
    </ClInclude>
    <ClInclude Include="Event.h">
      <Filter>Helpers</Filter>
    </ClInclude>
    <ClInclude Include="PhysicsMaterial.h">
      <Filter>Helpers</Filter>
    </ClInclude>
    <ClInclude Include="LineRenderComponent.h">
      <Filter>Core Components</Filter>
    </ClInclude>
    <ClInclude Include="ShaderLoader.h">
      <Filter>Content Management</Filter>
    </ClInclude>
    <ClInclude Include="Mesh.h">
      <Filter>Helpers</Filter>
    </ClInclude>
    <ClInclude Include="VertexHelpers.h">
      <Filter>Helpers</Filter>
    </ClInclude>
    <ClInclude Include="ShakeComponent.h">
      <Filter>Core Components</Filter>
    </ClInclude>
    <ClInclude Include="Grid.h">
      <Filter>Core</Filter>
    </ClInclude>
    <ClInclude Include="GridComponent.h">
      <Filter>Core Components</Filter>
    </ClInclude>
    <ClInclude Include="AStarPathFinding.h">
      <Filter>AI\PathFinding</Filter>
    </ClInclude>
    <ClInclude Include="PathFindingNodes.h">
      <Filter>AI\PathFinding</Filter>
    </ClInclude>
    <ClInclude Include="Layers.h">
      <Filter>SceneGraph</Filter>
    </ClInclude>
    <ClInclude Include="SEObject.h">
      <Filter>Core</Filter>
    </ClInclude>
    <ClInclude Include="Node.h">
      <Filter>Core</Filter>
    </ClInclude>
    <ClInclude Include="Manager.h">
      <Filter>Core</Filter>
    </ClInclude>
    <ClInclude Include="MeshRenderComponent.h">
      <Filter>Core Components</Filter>
    </ClInclude>
    <ClInclude Include="ModelLoader.h">
      <Filter>Content Management</Filter>
    </ClInclude>
    <ClInclude Include="UIObject.h">
      <Filter>UI</Filter>
    </ClInclude>
    <ClInclude Include="Renderer.h">
      <Filter>Core\Rendering</Filter>
    </ClInclude>
    <ClInclude Include="RenderTexture.h">
      <Filter>Core\Rendering</Filter>
    </ClInclude>
    <ClInclude Include="UIContainer.h">
      <Filter>UI</Filter>
    </ClInclude>
    <ClInclude Include="Material.h">
      <Filter>Core\Rendering</Filter>
    </ClInclude>
    <ClInclude Include="MaterialManager.h">
      <Filter>Core\Rendering</Filter>
    </ClInclude>
    <ClInclude Include="UIRenderMaterial.h">
      <Filter>UI</Filter>
    </ClInclude>
    <ClInclude Include="Gradient.h">
      <Filter>Helpers</Filter>
    </ClInclude>
    <ClInclude Include="UIComponent.h">
      <Filter>Core Components</Filter>
    </ClInclude>
    <ClInclude Include="UIButton.h">
      <Filter>UI</Filter>
    </ClInclude>
    <ClInclude Include="BaseUIConstraint.h">
      <Filter>UI\Constraints</Filter>
    </ClInclude>
    <ClInclude Include="CenterConstraint.h">
      <Filter>UI\Constraints</Filter>
    </ClInclude>
    <ClInclude Include="UI.h">
      <Filter>UI</Filter>
    </ClInclude>
    <ClInclude Include="Canvas.h">
      <Filter>UI</Filter>
    </ClInclude>
    <ClInclude Include="Blackboard.h">
      <Filter>AI</Filter>
    </ClInclude>
    <ClInclude Include="SoundManager.h">
      <Filter>Sound</Filter>
    </ClInclude>
    <ClInclude Include="Constraints.h">
      <Filter>UI\Constraints</Filter>
    </ClInclude>
    <ClInclude Include="UIConstraints.h">
      <Filter>UI\Constraints</Filter>
    </ClInclude>
    <ClInclude Include="PixelConstraint.h">
      <Filter>UI\Constraints</Filter>
    </ClInclude>
    <ClInclude Include="RelativeConstraint.h">
      <Filter>UI\Constraints</Filter>
    </ClInclude>
    <ClInclude Include="AspectConstraint.h">
      <Filter>UI\Constraints</Filter>
    </ClInclude>
    <ClInclude Include="ScreenRect.h">
      <Filter>Core\Rendering</Filter>
    </ClInclude>
    <ClInclude Include="Commands.h">
      <Filter>Debug</Filter>
    </ClInclude>
    <ClInclude Include="ConsoleInput.h">
      <Filter>Debug</Filter>
    </ClInclude>
    <ClInclude Include="Debug.h">
      <Filter>Debug</Filter>
    </ClInclude>
    <ClInclude Include="PPMaterial.h">
      <Filter>Post Processing</Filter>
    </ClInclude>
    <ClInclude Include="PostProcessingStack.h">
      <Filter>Post Processing</Filter>
    </ClInclude>
  </ItemGroup>
  <ItemGroup>
    <ClCompile Include="stdafx.cpp" />
    <ClCompile Include="AudioFileLoader.cpp">
      <Filter>Content Management</Filter>
    </ClCompile>
    <ClCompile Include="AudioSourceComponent.cpp">
      <Filter>Core Components</Filter>
    </ClCompile>
    <ClCompile Include="BaseComponent.cpp">
      <Filter>Core Components</Filter>
    </ClCompile>
    <ClCompile Include="BaseGame.cpp">
      <Filter>Core</Filter>
    </ClCompile>
    <ClCompile Include="BasicCamera.cpp">
      <Filter>EnginePrefabs</Filter>
    </ClCompile>
    <ClCompile Include="BinaryContainer.cpp">
      <Filter>Helpers</Filter>
    </ClCompile>
    <ClCompile Include="CameraComponent.cpp">
      <Filter>Core Components</Filter>
    </ClCompile>
    <ClCompile Include="ColliderComponent.cpp">
      <Filter>Core Components</Filter>
    </ClCompile>
    <ClCompile Include="ContentManager.cpp">
      <Filter>Content Management</Filter>
    </ClCompile>
    <ClCompile Include="FontLoader.cpp">
      <Filter>Content Management</Filter>
    </ClCompile>
    <ClCompile Include="GameObject.cpp">
      <Filter>SceneGraph</Filter>
    </ClCompile>
    <ClCompile Include="GameScene.cpp">
      <Filter>SceneGraph</Filter>
    </ClCompile>
    <ClCompile Include="ImageRenderComponent.cpp">
      <Filter>Core Components</Filter>
    </ClCompile>
    <ClCompile Include="InputManager.cpp">
      <Filter>Core</Filter>
    </ClCompile>
    <ClCompile Include="MathHelpers.cpp">
      <Filter>Helpers</Filter>
    </ClCompile>
    <ClCompile Include="ParticleComponent.cpp">
      <Filter>Core Components</Filter>
    </ClCompile>
    <ClCompile Include="ParticleSystem.cpp">
      <Filter>Core</Filter>
    </ClCompile>
    <ClCompile Include="RigidBodyComponent.cpp">
      <Filter>Core Components</Filter>
    </ClCompile>
    <ClCompile Include="SceneManager.cpp">
      <Filter>SceneGraph</Filter>
    </ClCompile>
    <ClCompile Include="SpriteSheetLoader.cpp">
      <Filter>Content Management</Filter>
    </ClCompile>
    <ClCompile Include="TextureLoader.cpp">
      <Filter>Content Management</Filter>
    </ClCompile>
    <ClCompile Include="SpriteSheetComponent.cpp">
      <Filter>Core Components</Filter>
    </ClCompile>
    <ClCompile Include="TextRenderComponent.cpp">
      <Filter>Core Components</Filter>
    </ClCompile>
    <ClCompile Include="TransformComponent.cpp">
      <Filter>Core Components</Filter>
    </ClCompile>
    <ClCompile Include="GameTime.cpp">
      <Filter>Core</Filter>
    </ClCompile>
    <ClCompile Include="Bone.cpp">
      <Filter>Animation</Filter>
    </ClCompile>
    <ClCompile Include="Skeleton.cpp">
      <Filter>Animation</Filter>
    </ClCompile>
    <ClCompile Include="SkinnedMeshComponent.cpp">
      <Filter>Core Components</Filter>
    </ClCompile>
    <ClCompile Include="SkinnedQuad.cpp">
      <Filter>Animation</Filter>
    </ClCompile>
    <ClCompile Include="AIComponent.cpp">
      <Filter>Core Components</Filter>
    </ClCompile>
    <ClCompile Include="BaseAIBehaviour.cpp">
      <Filter>AI</Filter>
    </ClCompile>
    <ClCompile Include="AIBehaviourTree.cpp">
      <Filter>AI</Filter>
    </ClCompile>
    <ClCompile Include="BehaviourTreeNodes.cpp">
      <Filter>AI</Filter>
    </ClCompile>
    <ClCompile Include="LineRenderComponent.cpp">
      <Filter>Core Components</Filter>
    </ClCompile>
    <ClCompile Include="ShaderLoader.cpp">
      <Filter>Content Management</Filter>
    </ClCompile>
    <ClCompile Include="ShakeComponent.cpp">
      <Filter>Core Components</Filter>
    </ClCompile>
    <ClCompile Include="Grid.cpp">
      <Filter>Core</Filter>
    </ClCompile>
    <ClCompile Include="GridComponent.cpp">
      <Filter>Core Components</Filter>
    </ClCompile>
    <ClCompile Include="AStarPathFinding.cpp">
      <Filter>AI\PathFinding</Filter>
    </ClCompile>
    <ClCompile Include="PathFindingNodes.cpp">
      <Filter>AI\PathFinding</Filter>
    </ClCompile>
    <ClCompile Include="Layers.cpp">
      <Filter>SceneGraph</Filter>
    </ClCompile>
    <ClCompile Include="MeshRenderComponent.cpp">
      <Filter>Core Components</Filter>
    </ClCompile>
    <ClCompile Include="ModelLoader.cpp">
      <Filter>Content Management</Filter>
    </ClCompile>
    <ClCompile Include="VertexHelpers.cpp">
      <Filter>Helpers</Filter>
    </ClCompile>
    <ClCompile Include="UIObject.cpp">
      <Filter>UI</Filter>
    </ClCompile>
    <ClCompile Include="Renderer.cpp">
      <Filter>Core\Rendering</Filter>
    </ClCompile>
    <ClCompile Include="RenderTexture.cpp">
      <Filter>Core\Rendering</Filter>
    </ClCompile>
    <ClCompile Include="UIContainer.cpp">
      <Filter>UI</Filter>
    </ClCompile>
    <ClCompile Include="Material.cpp">
      <Filter>Core\Rendering</Filter>
    </ClCompile>
    <ClCompile Include="MaterialManager.cpp">
      <Filter>Core\Rendering</Filter>
    </ClCompile>
    <ClCompile Include="UIRenderMaterial.cpp">
      <Filter>UI</Filter>
    </ClCompile>
    <ClCompile Include="Gradient.cpp">
      <Filter>Helpers</Filter>
    </ClCompile>
    <ClCompile Include="UIComponent.cpp">
      <Filter>Core Components</Filter>
    </ClCompile>
    <ClCompile Include="UIButton.cpp">
      <Filter>UI</Filter>
    </ClCompile>
    <ClCompile Include="BaseUIConstraint.cpp">
      <Filter>UI\Constraints</Filter>
    </ClCompile>
    <ClCompile Include="CenterConstraint.cpp">
      <Filter>UI\Constraints</Filter>
    </ClCompile>
    <ClCompile Include="Canvas.cpp">
      <Filter>UI</Filter>
    </ClCompile>
    <ClCompile Include="SoundManager.cpp">
      <Filter>Sound</Filter>
    </ClCompile>
    <ClCompile Include="Constraints.cpp">
      <Filter>UI\Constraints</Filter>
    </ClCompile>
    <ClCompile Include="PixelConstraint.cpp">
      <Filter>UI\Constraints</Filter>
    </ClCompile>
    <ClCompile Include="RelativeConstraint.cpp">
      <Filter>UI\Constraints</Filter>
    </ClCompile>
    <ClCompile Include="AspectConstraint.cpp">
      <Filter>UI\Constraints</Filter>
    </ClCompile>
    <ClCompile Include="ScreenRect.cpp">
      <Filter>Core\Rendering</Filter>
    </ClCompile>
    <ClCompile Include="Commands.cpp">
      <Filter>Debug</Filter>
    </ClCompile>
    <ClCompile Include="ConsoleInput.cpp">
      <Filter>Debug</Filter>
    </ClCompile>
    <ClCompile Include="Debug.cpp">
      <Filter>Debug</Filter>
    </ClCompile>
    <ClCompile Include="PPMaterial.cpp">
      <Filter>Post Processing</Filter>
    </ClCompile>
    <ClCompile Include="PostProcessingStack.cpp">
      <Filter>Post Processing</Filter>
    </ClCompile>
  </ItemGroup>
</Project>